// !$*UTF8*$!
{
	archiveVersion = 1;
	classes = {};
	objectVersion = 77;
	objects = {

/* Begin PBXBuildFile section */
		B00000000000000000000001 /* Camenya.app in Products */ = {isa = PBXBuildFile; fileRef = F00000000000000000000001 /* Camenya.app */; };
/* End PBXBuildFile section */

/* Begin PBXContainerItemProxy section */
		C00000000000000000000001 = {isa = PBXContainerItemProxy; containerPortal = P00000000000000000000001 /* Project object */; proxyType = 1; remoteGlobalIDString = T00000000000000000000001; remoteInfo = Camenya; };
/* End PBXContainerItemProxy section */

/* Begin PBXFileReference section */
		F00000000000000000000001 /* Camenya.app */ = {isa = PBXFileReference; explicitFileType = wrapper.application; includeInIndex = 0; path = Camenya.app; sourceTree = BUILT_PRODUCTS_DIR; };
		F00000000000000000000002 /* CamenyaTests.xctest */ = {isa = PBXFileReference; explicitFileType = wrapper.cfbundle; includeInIndex = 0; path = CamenyaTests.xctest; sourceTree = BUILT_PRODUCTS_DIR; };
/* End PBXFileReference section */

/* Begin PBXFileSystemSynchronizedRootGroup section */
		G00000000000000000000002 /* Camenya */ = {isa = PBXFileSystemSynchronizedRootGroup; path = Camenya; sourceTree = "<group>"; };
		G00000000000000000000003 /* CamenyaTests */ = {isa = PBXFileSystemSynchronizedRootGroup; path = CamenyaTests; sourceTree = "<group>"; };
/* End PBXFileSystemSynchronizedRootGroup section */

/* Begin PBXFrameworksBuildPhase section */
		B10000000000000000000001 = {isa = PBXFrameworksBuildPhase; buildActionMask = 2147483647; files = (); runOnlyForDeploymentPostprocessing = 0; };
		B10000000000000000000002 = {isa = PBXFrameworksBuildPhase; buildActionMask = 2147483647; files = (); runOnlyForDeploymentPostprocessing = 0; };
/* End PBXFrameworksBuildPhase section */

/* Begin PBXGroup section */
		G00000000000000000000001 = {isa = PBXGroup; children = (G00000000000000000000002 /* Camenya */, G00000000000000000000003 /* CamenyaTests */, G00000000000000000000004 /* Products */); sourceTree = "<group>"; };
		G00000000000000000000004 /* Products */ = {isa = PBXGroup; children = (F00000000000000000000001 /* Camenya.app */, F00000000000000000000002 /* CamenyaTests.xctest */); name = Products; sourceTree = "<group>"; };
/* End PBXGroup section */

/* Begin PBXNativeTarget section */
		T00000000000000000000001 /* Camenya */ = {
			isa = PBXNativeTarget;
			buildConfigurationList = L00000000000000000000002;
			buildPhases = (B20000000000000000000001, B10000000000000000000001, B30000000000000000000001);
			buildRules = ();
			dependencies = ();
			fileSystemSynchronizedGroups = (G00000000000000000000002 /* Camenya */);
			name = Camenya;
			productName = Camenya;
			productReference = F00000000000000000000001 /* Camenya.app */;
			productType = "com.apple.product-type.application";
		};
		T00000000000000000000002 /* CamenyaTests */ = {
			isa = PBXNativeTarget;
			buildConfigurationList = L00000000000000000000003;
			buildPhases = (B20000000000000000000002, B10000000000000000000002, B30000000000000000000002);
			buildRules = ();
			dependencies = (D00000000000000000000001);
			fileSystemSynchronizedGroups = (G00000000000000000000003 /* CamenyaTests */);
			name = CamenyaTests;
			productName = CamenyaTests;
			productReference = F00000000000000000000002 /* CamenyaTests.xctest */;
			productType = "com.apple.product-type.bundle.unit-test";
		};
/* End PBXNativeTarget section */

/* Begin PBXProject section */
		P00000000000000000000001 /* Project object */ = {
			isa = PBXProject;
			attributes = {BuildIndependentTargetsInParallel = 1; LastSwiftUpdateCheck = 2620; LastUpgradeCheck = 2620; TargetAttributes = {T00000000000000000000001 = {CreatedOnToolsVersion = 26.2; }; T00000000000000000000002 = {CreatedOnToolsVersion = 26.2; TestTargetID = T00000000000000000000001; }; }; };
			buildConfigurationList = L00000000000000000000001;
			compatibilityVersion = "Xcode 16.0";
			developmentRegion = en;
			hasScannedForEncodings = 0;
			knownRegions = (en, Base);
			mainGroup = G00000000000000000000001;
			preferredProjectObjectVersion = 77;
			productRefGroup = G00000000000000000000004 /* Products */;
			projectDirPath = "";
			projectRoot = "";
			targets = (T00000000000000000000001 /* Camenya */, T00000000000000000000002 /* CamenyaTests */);
		};
/* End PBXProject section */

/* Begin PBXResourcesBuildPhase section */
		B30000000000000000000001 = {isa = PBXResourcesBuildPhase; buildActionMask = 2147483647; files = (); runOnlyForDeploymentPostprocessing = 0; };
		B30000000000000000000002 = {isa = PBXResourcesBuildPhase; buildActionMask = 2147483647; files = (); runOnlyForDeploymentPostprocessing = 0; };
/* End PBXResourcesBuildPhase section */

/* Begin PBXSourcesBuildPhase section */
		B20000000000000000000001 = {isa = PBXSourcesBuildPhase; buildActionMask = 2147483647; files = (); runOnlyForDeploymentPostprocessing = 0; };
		B20000000000000000000002 = {isa = PBXSourcesBuildPhase; buildActionMask = 2147483647; files = (); runOnlyForDeploymentPostprocessing = 0; };
/* End PBXSourcesBuildPhase section */

/* Begin PBXTargetDependency section */
		D00000000000000000000001 = {isa = PBXTargetDependency; target = T00000000000000000000001 /* Camenya */; targetProxy = C00000000000000000000001; };
/* End PBXTargetDependency section */

/* Begin XCBuildConfiguration section */
		X00000000000000000000001 /* Debug */ = {isa = XCBuildConfiguration; buildSettings = {ALWAYS_SEARCH_USER_PATHS = NO; CLANG_ENABLE_MODULES = YES; CLANG_ENABLE_OBJC_ARC = YES; DEBUG_INFORMATION_FORMAT = dwarf; ENABLE_TESTABILITY = YES; GCC_C_LANGUAGE_STANDARD = gnu17; IPHONEOS_DEPLOYMENT_TARGET = 18.0; ONLY_ACTIVE_ARCH = YES; SDKROOT = iphoneos; SWIFT_ACTIVE_COMPILATION_CONDITIONS = "DEBUG $(inherited)"; SWIFT_OPTIMIZATION_LEVEL = "-Onone"; }; name = Debug; };
		X00000000000000000000002 /* Release */ = {isa = XCBuildConfiguration; buildSettings = {ALWAYS_SEARCH_USER_PATHS = NO; CLANG_ENABLE_MODULES = YES; CLANG_ENABLE_OBJC_ARC = YES; DEBUG_INFORMATION_FORMAT = "dwarf-with-dsym"; ENABLE_NS_ASSERTIONS = NO; GCC_C_LANGUAGE_STANDARD = gnu17; IPHONEOS_DEPLOYMENT_TARGET = 18.0; SDKROOT = iphoneos; SWIFT_COMPILATION_MODE = wholemodule; SWIFT_OPTIMIZATION_LEVEL = "-O"; VALIDATE_PRODUCT = YES; }; name = Release; };
		X00000000000000000000003 /* Debug */ = {isa = XCBuildConfiguration; buildSettings = {ASSETCATALOG_COMPILER_APPICON_NAME = AppIcon; ASSETCATALOG_COMPILER_GENERATE_SWIFT_ASSET_SYMBOL_EXTENSIONS = YES; CODE_SIGN_STYLE = Automatic; CURRENT_PROJECT_VERSION = 1; DEVELOPMENT_ASSET_PATHS = ""; ENABLE_PREVIEWS = YES; GENERATE_INFOPLIST_FILE = YES; INFOPLIST_KEY_NSCameraUsageDescription = "Camenya needs the camera to record your video."; INFOPLIST_KEY_NSMicrophoneUsageDescription = "Camenya needs the microphone to record speech with your video."; INFOPLIST_KEY_NSPhotoLibraryAddUsageDescription = "Camenya saves the finished video to your Photos library."; INFOPLIST_KEY_NSSpeechRecognitionUsageDescription = "Camenya transcribes your Take on this iPhone so you can review captions before export."; INFOPLIST_KEY_UIApplicationSceneManifest_Generation = YES; INFOPLIST_KEY_UIApplicationSupportsIndirectInputEvents = YES; INFOPLIST_KEY_UILaunchScreen_Generation = YES; INFOPLIST_KEY_UISupportedInterfaceOrientations = "UIInterfaceOrientationPortrait UIInterfaceOrientationLandscapeLeft UIInterfaceOrientationLandscapeRight"; MARKETING_VERSION = 1.0; PRODUCT_BUNDLE_IDENTIFIER = org.camenya.app; PRODUCT_NAME = "$(TARGET_NAME)"; SUPPORTED_PLATFORMS = "iphoneos iphonesimulator"; SUPPORTS_MACCATALYST = NO; SWIFT_EMIT_LOC_STRINGS = YES; SWIFT_VERSION = 5.0; TARGETED_DEVICE_FAMILY = 1; }; name = Debug; };
		X00000000000000000000004 /* Release */ = {isa = XCBuildConfiguration; buildSettings = {ASSETCATALOG_COMPILER_APPICON_NAME = AppIcon; ASSETCATALOG_COMPILER_GENERATE_SWIFT_ASSET_SYMBOL_EXTENSIONS = YES; CODE_SIGN_STYLE = Automatic; CURRENT_PROJECT_VERSION = 1; ENABLE_PREVIEWS = YES; GENERATE_INFOPLIST_FILE = YES; INFOPLIST_KEY_NSCameraUsageDescription = "Camenya needs the camera to record your video."; INFOPLIST_KEY_NSMicrophoneUsageDescription = "Camenya needs the microphone to record speech with your video."; INFOPLIST_KEY_NSPhotoLibraryAddUsageDescription = "Camenya saves the finished video to your Photos library."; INFOPLIST_KEY_NSSpeechRecognitionUsageDescription = "Camenya transcribes your Take on this iPhone so you can review captions before export."; INFOPLIST_KEY_UIApplicationSceneManifest_Generation = YES; INFOPLIST_KEY_UIApplicationSupportsIndirectInputEvents = YES; INFOPLIST_KEY_UILaunchScreen_Generation = YES; INFOPLIST_KEY_UISupportedInterfaceOrientations = "UIInterfaceOrientationPortrait UIInterfaceOrientationLandscapeLeft UIInterfaceOrientationLandscapeRight"; MARKETING_VERSION = 1.0; PRODUCT_BUNDLE_IDENTIFIER = org.camenya.app; PRODUCT_NAME = "$(TARGET_NAME)"; SUPPORTED_PLATFORMS = "iphoneos iphonesimulator"; SUPPORTS_MACCATALYST = NO; SWIFT_EMIT_LOC_STRINGS = YES; SWIFT_VERSION = 5.0; TARGETED_DEVICE_FAMILY = 1; }; name = Release; };
		X00000000000000000000005 /* Debug */ = {isa = XCBuildConfiguration; buildSettings = {BUNDLE_LOADER = "$(TEST_HOST)"; CODE_SIGN_STYLE = Automatic; GENERATE_INFOPLIST_FILE = YES; IPHONEOS_DEPLOYMENT_TARGET = 18.0; PRODUCT_BUNDLE_IDENTIFIER = org.camenya.app.tests; PRODUCT_NAME = "$(TARGET_NAME)"; SWIFT_VERSION = 5.0; TARGETED_DEVICE_FAMILY = 1; TEST_HOST = "$(BUILT_PRODUCTS_DIR)/Camenya.app/$(BUNDLE_EXECUTABLE_FOLDER_PATH)/Camenya"; }; name = Debug; };
		X00000000000000000000006 /* Release */ = {isa = XCBuildConfiguration; buildSettings = {BUNDLE_LOADER = "$(TEST_HOST)"; CODE_SIGN_STYLE = Automatic; GENERATE_INFOPLIST_FILE = YES; IPHONEOS_DEPLOYMENT_TARGET = 18.0; PRODUCT_BUNDLE_IDENTIFIER = org.camenya.app.tests; PRODUCT_NAME = "$(TARGET_NAME)"; SWIFT_VERSION = 5.0; TARGETED_DEVICE_FAMILY = 1; TEST_HOST = "$(BUILT_PRODUCTS_DIR)/Camenya.app/$(BUNDLE_EXECUTABLE_FOLDER_PATH)/Camenya"; }; name = Release; };
/* End XCBuildConfiguration section */

/* Begin XCConfigurationList section */
		L00000000000000000000001 = {isa = XCConfigurationList; buildConfigurations = (X00000000000000000000001 /* Debug */, X00000000000000000000002 /* Release */); defaultConfigurationIsVisible = 0; defaultConfigurationName = Release; };
		L00000000000000000000002 = {isa = XCConfigurationList; buildConfigurations = (X00000000000000000000003 /* Debug */, X00000000000000000000004 /* Release */); defaultConfigurationIsVisible = 0; defaultConfigurationName = Release; };
		L00000000000000000000003 = {isa = XCConfigurationList; buildConfigurations = (X00000000000000000000005 /* Debug */, X00000000000000000000006 /* Release */); defaultConfigurationIsVisible = 0; defaultConfigurationName = Release; };
/* End XCConfigurationList section */
	};
	rootObject = P00000000000000000000001 /* Project object */;
}
